
Microsoft Visual Studio Solution File, Format Version 12.00
# Visual Studio Version 16
VisualStudioVersion = 16.0.29509.3
MinimumVisualStudioVersion = 10.0.40219.1
Project("{8BC9CEB8-8B4A-11D0-8D11-00A0C91BC942}") = "MotorControlCLI", "MotorControlCLI\MotorControlCLI.vcxproj", "{4AF21D4F-6711-4B3E-9014-A0F308BEE75C}"
EndProject
Global
	GlobalSection(SolutionConfigurationPlatforms) = preSolution
		Debug|x64 = Debug|x64
		Debug|x86 = Debug|x86
		Release|x64 = Release|x64
		Release|x86 = Release|x86
	EndGlobalSection
	GlobalSection(ProjectConfigurationPlatforms) = postSolution
		{4AF21D4F-6711-4B3E-9014-A0F308BEE75C}.Debug|x64.ActiveCfg = Debug|x64
		{4AF21D4F-6711-4B3E-9014-A0F308BEE75C}.Debug|x64.Build.0 = Debug|x64
		{4AF21D4F-6711-4B3E-9014-A0F308BEE75C}.Debug|x86.ActiveCfg = Debug|Win32
		{4AF21D4F-6711-4B3E-9014-A0F308BEE75C}.Debug|x86.Build.0 = Debug|Win32
		{4AF21D4F-6711-4B3E-9014-A0F308BEE75C}.Release|x64.ActiveCfg = Release|x64
		{4AF21D4F-6711-4B3E-9014-A0F308BEE75C}.Release|x64.Build.0 = Release|x64
		{4AF21D4F-6711-4B3E-9014-A0F308BEE75C}.Release|x86.ActiveCfg = Release|Win32
		{4AF21D4F-6711-4B3E-9014-A0F308BEE75C}.Release|x86.Build.0 = Release|Win32
	EndGlobalSection
	GlobalSection(SolutionProperties) = preSolution
		HideSolutionNode = FALSE
	EndGlobalSection
	GlobalSection(ExtensibilityGlobals) = postSolution
		SolutionGuid = {3D20B47A-E547-488F-A094-48520F918F49}
	EndGlobalSection
EndGlobal
